
Microsoft Visual Studio Solution File, Format Version 12.00
# Visual Studio Version 16
VisualStudioVersion = 16.0.31321.278
MinimumVisualStudioVersion = 10.0.40219.1
Project("{FAE04EC0-301F-11D3-BF4B-00C04F79EFBC}") = "GestaoDeUsinas", "GestaoDeUsinas\GestaoDeUsinas.csproj", "{0A8191A0-3E8C-4A28-88A0-487F19AABC22}"
EndProject
Global
	GlobalSection(SolutionConfigurationPlatforms) = preSolution
		Debug|Any CPU = Debug|Any CPU
		Release|Any CPU = Release|Any CPU
	EndGlobalSection
	GlobalSection(ProjectConfigurationPlatforms) = postSolution
		{0A8191A0-3E8C-4A28-88A0-487F19AABC22}.Debug|Any CPU.ActiveCfg = Debug|Any CPU
		{0A8191A0-3E8C-4A28-88A0-487F19AABC22}.Debug|Any CPU.Build.0 = Debug|Any CPU
		{0A8191A0-3E8C-4A28-88A0-487F19AABC22}.Release|Any CPU.ActiveCfg = Release|Any CPU
		{0A8191A0-3E8C-4A28-88A0-487F19AABC22}.Release|Any CPU.Build.0 = Release|Any CPU
	EndGlobalSection
	GlobalSection(SolutionProperties) = preSolution
		HideSolutionNode = FALSE
	EndGlobalSection
	GlobalSection(ExtensibilityGlobals) = postSolution
		SolutionGuid = {87CAC598-F0BD-4B0B-B95E-3FC302CA318A}
	EndGlobalSection
EndGlobal
